
Microsoft Visual Studio Solution File, Format Version 12.00
# Visual Studio 15
VisualStudioVersion = 15.0.28010.2050
MinimumVisualStudioVersion = 10.0.40219.1
Project("{FAE04EC0-301F-11D3-BF4B-00C04F79EFBC}") = "SistemaNomina", "WindowsFormsApp1\SistemaNomina.csproj", "{49C78987-C4F4-49BF-A3AC-43D305C68BF2}"
EndProject
Global
	GlobalSection(SolutionConfigurationPlatforms) = preSolution
		Debug|Any CPU = Debug|Any CPU
		Release|Any CPU = Release|Any CPU
	EndGlobalSection
	GlobalSection(ProjectConfigurationPlatforms) = postSolution
		{49C78987-C4F4-49BF-A3AC-43D305C68BF2}.Debug|Any CPU.ActiveCfg = Debug|Any CPU
		{49C78987-C4F4-49BF-A3AC-43D305C68BF2}.Debug|Any CPU.Build.0 = Debug|Any CPU
		{49C78987-C4F4-49BF-A3AC-43D305C68BF2}.Release|Any CPU.ActiveCfg = Release|Any CPU
		{49C78987-C4F4-49BF-A3AC-43D305C68BF2}.Release|Any CPU.Build.0 = Release|Any CPU
	EndGlobalSection
	GlobalSection(SolutionProperties) = preSolution
		HideSolutionNode = FALSE
	EndGlobalSection
	GlobalSection(ExtensibilityGlobals) = postSolution
		SolutionGuid = {E43AE96D-4879-4B4F-B5A8-09509F8543E1}
	EndGlobalSection
EndGlobal
